# This file is autogenerated, do not edit; changes may be undone by the next 'dep ensure'.


[[projects]]
  branch = "master"
  name = "go4.org"
  packages = ["readerutil"]
  revision = "9599cf28b011184741f249bd9f9330756b506cbc"

[solve-meta]
  analyzer-name = "dep"
  analyzer-version = 1
  inputs-digest = "7ce504b2df4c783b9916e0032945826643e9285ea03f2c27c8730cee6f029fe0"
  solver-name = "gps-cdcl"
  solver-version = 1
