# This file is autogenerated, do not edit; changes may be undone by the next 'dep ensure'.


[[projects]]
  branch = "master"
  name = "go4.org"
  packages = ["readerutil"]
  revision = "9599cf28b011184741f249bd9f9330756b506cbc"

[solve-meta]
  analyzer-name = "dep"
  analyzer-version = 1
  inputs-digest = "e9b13dc42b6ab57ad732277a5287c6458dd09174aaf23233fbcec7e10fe8bd9d"
  solver-name = "gps-cdcl"
  solver-version = 1
